{
  "name": "ajp-protocol",
  "version": "0.1.0",
  "lockfileVersion": 3,
  "requires": true,
  "packages": {
    "": {
      "name": "ajp-protocol",
      "version": "0.1.0",
      "license": "MIT",
      "dependencies": {
        "provenance-protocol": "^0.2.2"
      }
    },
    "node_modules/provenance-protocol": {
      "version": "0.2.2",
      "resolved": "https://registry.npmjs.org/provenance-protocol/-/provenance-protocol-0.2.2.tgz",
      "integrity": "sha512-YDEQXc3LUUYqr0NN7Lw4knz/gV8QF9J9N1gYaNfSkfA5sx0yC2wuDc7JHrYoSXTppns6Hq/87RagA0t+WbMUOw==",
      "license": "MIT",
      "bin": {
        "provenance": "src/cli.js"
      },
      "engines": {
        "node": ">=14.0.0"
      }
    }
  }
}
